<?xml version="1.0" encoding="utf-8"?>
<Project ToolsVersion="4.0" xmlns="http://schemas.microsoft.com/developer/msbuild/2003">
  <ItemGroup>
    <Filter Include="Исходные файлы">
      <UniqueIdentifier>{4FC737F1-C7A5-4376-A066-2A32D752A2FF}</UniqueIdentifier>
      <Extensions>cpp;c;cc;cxx;c++;cppm;ixx;def;odl;idl;hpj;bat;asm;asmx</Extensions>
    </Filter>
    <Filter Include="Файлы заголовков">
      <UniqueIdentifier>{93995380-89BD-4b04-88EB-625FBE52EBFB}</UniqueIdentifier>
      <Extensions>h;hh;hpp;hxx;h++;hm;inl;inc;ipp;xsd</Extensions>
    </Filter>
    <Filter Include="Файлы ресурсов">
      <UniqueIdentifier>{67DA6AB6-F800-4c08-8B7A-83BB121AAD01}</UniqueIdentifier>
      <Extensions>rc;ico;cur;bmp;dlg;rc2;rct;bin;rgs;gif;jpg;jpeg;jpe;resx;tiff;tif;png;wav;mfcribbon-ms</Extensions>
    </Filter>
  </ItemGroup>
  <ItemGroup>
    <ClInclude Include="framework.h">
      <Filter>Файлы заголовков</Filter>
    </ClInclude>
    <ClInclude Include="targetver.h">
      <Filter>Файлы заголовков</Filter>
    </ClInclude>
    <ClInclude Include="Resource.h">
      <Filter>Файлы заголовков</Filter>
    </ClInclude>
    <ClInclude Include="ArduinoGUI.h">
      <Filter>Файлы заголовков</Filter>
    </ClInclude>
    <ClInclude Include="pch.h">
      <Filter>Файлы заголовков</Filter>
    </ClInclude>
    <ClInclude Include="comHandle.h">
      <Filter>Файлы заголовков</Filter>
    </ClInclude>
  </ItemGroup>
  <ItemGroup>
    <ClCompile Include="ArduinoGUI.cpp">
      <Filter>Исходные файлы</Filter>
    </ClCompile>
    <ClCompile Include="pch.cpp">
      <Filter>Исходные файлы</Filter>
    </ClCompile>
    <ClCompile Include="comHandle.cpp">
      <Filter>Исходные файлы</Filter>
    </ClCompile>
  </ItemGroup>
  <ItemGroup>
    <ResourceCompile Include="ArduinoGUI.rc">
      <Filter>Файлы ресурсов</Filter>
    </ResourceCompile>
  </ItemGroup>
  <ItemGroup>
    <Image Include="small.ico">
      <Filter>Файлы ресурсов</Filter>
    </Image>
    <Image Include="ArduinoGUI.ico">
      <Filter>Файлы ресурсов</Filter>
    </Image>
    <Image Include="..\..\..\..\Downloads\pngwing.com_(1).bmp">
      <Filter>Файлы ресурсов</Filter>
    </Image>
    <Image Include="..\..\..\..\Downloads\pngwing.com.bmp">
      <Filter>Файлы ресурсов</Filter>
    </Image>
    <Image Include="..\..\..\..\Downloads\good (2).bmp">
      <Filter>Файлы ресурсов</Filter>
    </Image>
    <Image Include="..\good (2).bmp">
      <Filter>Файлы ресурсов</Filter>
    </Image>
    <Image Include="..\pngwing.com.bmp">
      <Filter>Файлы ресурсов</Filter>
    </Image>
    <Image Include="..\boltBMP.bmp">
      <Filter>Файлы ресурсов</Filter>
    </Image>
  </ItemGroup>
</Project>